
Microsoft Visual Studio Solution File, Format Version 12.00
# Visual Studio Version 16
VisualStudioVersion = 16.0.31624.102
MinimumVisualStudioVersion = 10.0.40219.1
Project("{FAE04EC0-301F-11D3-BF4B-00C04F79EFBC}") = "ejercicio-2-poo", "ejercicio-2-poo\ejercicio-2-poo.csproj", "{5A15220F-ABE5-4E97-A853-A432B4E247A5}"
EndProject
Project("{FAE04EC0-301F-11D3-BF4B-00C04F79EFBC}") = "ejercicio-2-pooTests", "ejercicio-2-pooTests\ejercicio-2-pooTests.csproj", "{0DA2EF15-BE0F-402A-9D77-6D46BA931E24}"
EndProject
Global
	GlobalSection(SolutionConfigurationPlatforms) = preSolution
		Debug|Any CPU = Debug|Any CPU
		Release|Any CPU = Release|Any CPU
	EndGlobalSection
	GlobalSection(ProjectConfigurationPlatforms) = postSolution
		{5A15220F-ABE5-4E97-A853-A432B4E247A5}.Debug|Any CPU.ActiveCfg = Debug|Any CPU
		{5A15220F-ABE5-4E97-A853-A432B4E247A5}.Debug|Any CPU.Build.0 = Debug|Any CPU
		{5A15220F-ABE5-4E97-A853-A432B4E247A5}.Release|Any CPU.ActiveCfg = Release|Any CPU
		{5A15220F-ABE5-4E97-A853-A432B4E247A5}.Release|Any CPU.Build.0 = Release|Any CPU
		{0DA2EF15-BE0F-402A-9D77-6D46BA931E24}.Debug|Any CPU.ActiveCfg = Debug|Any CPU
		{0DA2EF15-BE0F-402A-9D77-6D46BA931E24}.Debug|Any CPU.Build.0 = Debug|Any CPU
		{0DA2EF15-BE0F-402A-9D77-6D46BA931E24}.Release|Any CPU.ActiveCfg = Release|Any CPU
		{0DA2EF15-BE0F-402A-9D77-6D46BA931E24}.Release|Any CPU.Build.0 = Release|Any CPU
	EndGlobalSection
	GlobalSection(SolutionProperties) = preSolution
		HideSolutionNode = FALSE
	EndGlobalSection
	GlobalSection(ExtensibilityGlobals) = postSolution
		SolutionGuid = {92B1A885-C3A0-46B8-AB01-9F9D40361DBE}
	EndGlobalSection
EndGlobal
